
Microsoft Visual Studio Solution File, Format Version 12.00
# Visual Studio Version 17
VisualStudioVersion = 17.6.33723.286
MinimumVisualStudioVersion = 10.0.40219.1
Project("{9A19103F-16F7-4668-BE54-9A1E7A4F7556}") = "MyToDo", "MyToDo.csproj", "{BC852F4A-1FAD-4430-9B4C-DBDAD4C2A3C2}"
EndProject
Project("{9A19103F-16F7-4668-BE54-9A1E7A4F7556}") = "MyToDo.Api", "..\MyToDo.Api\MyToDo.Api.csproj", "{04F43DA1-A9D2-4793-8475-542DE1E4AE9C}"
EndProject
Project("{9A19103F-16F7-4668-BE54-9A1E7A4F7556}") = "MyToDo.Shared", "..\MyToDo.Shared\MyToDo.Shared.csproj", "{A4310680-889C-4D41-BBE1-D29AB7F8D0BE}"
EndProject
Global
	GlobalSection(SolutionConfigurationPlatforms) = preSolution
		Debug|Any CPU = Debug|Any CPU
		Release|Any CPU = Release|Any CPU
	EndGlobalSection
	GlobalSection(ProjectConfigurationPlatforms) = postSolution
		{BC852F4A-1FAD-4430-9B4C-DBDAD4C2A3C2}.Debug|Any CPU.ActiveCfg = Debug|Any CPU
		{BC852F4A-1FAD-4430-9B4C-DBDAD4C2A3C2}.Debug|Any CPU.Build.0 = Debug|Any CPU
		{BC852F4A-1FAD-4430-9B4C-DBDAD4C2A3C2}.Release|Any CPU.ActiveCfg = Release|Any CPU
		{BC852F4A-1FAD-4430-9B4C-DBDAD4C2A3C2}.Release|Any CPU.Build.0 = Release|Any CPU
		{04F43DA1-A9D2-4793-8475-542DE1E4AE9C}.Debug|Any CPU.ActiveCfg = Debug|Any CPU
		{04F43DA1-A9D2-4793-8475-542DE1E4AE9C}.Debug|Any CPU.Build.0 = Debug|Any CPU
		{04F43DA1-A9D2-4793-8475-542DE1E4AE9C}.Release|Any CPU.ActiveCfg = Release|Any CPU
		{04F43DA1-A9D2-4793-8475-542DE1E4AE9C}.Release|Any CPU.Build.0 = Release|Any CPU
		{A4310680-889C-4D41-BBE1-D29AB7F8D0BE}.Debug|Any CPU.ActiveCfg = Debug|Any CPU
		{A4310680-889C-4D41-BBE1-D29AB7F8D0BE}.Debug|Any CPU.Build.0 = Debug|Any CPU
		{A4310680-889C-4D41-BBE1-D29AB7F8D0BE}.Release|Any CPU.ActiveCfg = Release|Any CPU
		{A4310680-889C-4D41-BBE1-D29AB7F8D0BE}.Release|Any CPU.Build.0 = Release|Any CPU
	EndGlobalSection
	GlobalSection(SolutionProperties) = preSolution
		HideSolutionNode = FALSE
	EndGlobalSection
	GlobalSection(ExtensibilityGlobals) = postSolution
		SolutionGuid = {D3C9F963-3BF3-4B01-9B11-69D218C2EFB1}
	EndGlobalSection
EndGlobal
